
Microsoft Visual Studio Solution File, Format Version 12.00
# Visual Studio 15
VisualStudioVersion = 15.0.27703.2000
MinimumVisualStudioVersion = 10.0.40219.1
Project("{FAE04EC0-301F-11D3-BF4B-00C04F79EFBC}") = "TimKeeper", "TimKeeper\TimKeeper.csproj", "{012663D4-D40E-4581-85B3-1FB38D7480C1}"
EndProject
Global
	GlobalSection(SolutionConfigurationPlatforms) = preSolution
		Debug|Any CPU = Debug|Any CPU
		Release|Any CPU = Release|Any CPU
	EndGlobalSection
	GlobalSection(ProjectConfigurationPlatforms) = postSolution
		{012663D4-D40E-4581-85B3-1FB38D7480C1}.Debug|Any CPU.ActiveCfg = Debug|Any CPU
		{012663D4-D40E-4581-85B3-1FB38D7480C1}.Debug|Any CPU.Build.0 = Debug|Any CPU
		{012663D4-D40E-4581-85B3-1FB38D7480C1}.Release|Any CPU.ActiveCfg = Release|Any CPU
		{012663D4-D40E-4581-85B3-1FB38D7480C1}.Release|Any CPU.Build.0 = Release|Any CPU
	EndGlobalSection
	GlobalSection(SolutionProperties) = preSolution
		HideSolutionNode = FALSE
	EndGlobalSection
	GlobalSection(ExtensibilityGlobals) = postSolution
		SolutionGuid = {D598DC49-5754-4DC5-9A59-4E004BC87D2C}
	EndGlobalSection
EndGlobal
